
Microsoft Visual Studio Solution File, Format Version 12.00
# Visual Studio Version 16
VisualStudioVersion = 16.0.31424.327
MinimumVisualStudioVersion = 10.0.40219.1
Project("{FAE04EC0-301F-11D3-BF4B-00C04F79EFBC}") = "NivelamentoLogica", "NivelamentoLogica\NivelamentoLogica.csproj", "{217E9637-823C-4FFF-9A7B-204A553AA91C}"
EndProject
Global
	GlobalSection(SolutionConfigurationPlatforms) = preSolution
		Debug|Any CPU = Debug|Any CPU
		Release|Any CPU = Release|Any CPU
	EndGlobalSection
	GlobalSection(ProjectConfigurationPlatforms) = postSolution
		{217E9637-823C-4FFF-9A7B-204A553AA91C}.Debug|Any CPU.ActiveCfg = Debug|Any CPU
		{217E9637-823C-4FFF-9A7B-204A553AA91C}.Debug|Any CPU.Build.0 = Debug|Any CPU
		{217E9637-823C-4FFF-9A7B-204A553AA91C}.Release|Any CPU.ActiveCfg = Release|Any CPU
		{217E9637-823C-4FFF-9A7B-204A553AA91C}.Release|Any CPU.Build.0 = Release|Any CPU
	EndGlobalSection
	GlobalSection(SolutionProperties) = preSolution
		HideSolutionNode = FALSE
	EndGlobalSection
	GlobalSection(ExtensibilityGlobals) = postSolution
		SolutionGuid = {2326C25B-505C-4ADF-BD03-CFAC9FA9D3F5}
	EndGlobalSection
EndGlobal
